
Microsoft Visual Studio Solution File, Format Version 12.00
# Visual Studio Version 17
VisualStudioVersion = 17.5.002.0
MinimumVisualStudioVersion = 10.0.40219.1
Project("{9A19103F-16F7-4668-BE54-9A1E7A4F7556}") = "Kalkulatorapp", "Kalkulatorapp.csproj", "{E7E86153-DAC6-47EA-93C0-A936F344BEEE}"
EndProject
Global
	GlobalSection(SolutionConfigurationPlatforms) = preSolution
		Debug|Any CPU = Debug|Any CPU
		Release|Any CPU = Release|Any CPU
	EndGlobalSection
	GlobalSection(ProjectConfigurationPlatforms) = postSolution
		{E7E86153-DAC6-47EA-93C0-A936F344BEEE}.Debug|Any CPU.ActiveCfg = Debug|Any CPU
		{E7E86153-DAC6-47EA-93C0-A936F344BEEE}.Debug|Any CPU.Build.0 = Debug|Any CPU
		{E7E86153-DAC6-47EA-93C0-A936F344BEEE}.Release|Any CPU.ActiveCfg = Release|Any CPU
		{E7E86153-DAC6-47EA-93C0-A936F344BEEE}.Release|Any CPU.Build.0 = Release|Any CPU
	EndGlobalSection
	GlobalSection(SolutionProperties) = preSolution
		HideSolutionNode = FALSE
	EndGlobalSection
	GlobalSection(ExtensibilityGlobals) = postSolution
		SolutionGuid = {ECE63446-F45C-434F-B6FB-EF92FDDF8D9C}
	EndGlobalSection
EndGlobal
